
Microsoft Visual Studio Solution File, Format Version 12.00
# Visual Studio 14
VisualStudioVersion = 14.0.23107.0
MinimumVisualStudioVersion = 10.0.40219.1
Project("{FAE04EC0-301F-11D3-BF4B-00C04F79EFBC}") = "Budgeter5000", "Budgeter5000\Budgeter5000.csproj", "{67DC96A1-85AF-4016-8115-149917FBD502}"
EndProject
Project("{FAE04EC0-301F-11D3-BF4B-00C04F79EFBC}") = "Prism.Windows", "Prism.Windows\Prism.Windows.csproj", "{3B7C3599-A336-4DB2-8678-710E3B36203B}"
EndProject
Global
	GlobalSection(SolutionConfigurationPlatforms) = preSolution
		Debug|ARM = Debug|ARM
		Debug|x64 = Debug|x64
		Debug|x86 = Debug|x86
		Release|ARM = Release|ARM
		Release|x64 = Release|x64
		Release|x86 = Release|x86
	EndGlobalSection
	GlobalSection(ProjectConfigurationPlatforms) = postSolution
		{67DC96A1-85AF-4016-8115-149917FBD502}.Debug|ARM.ActiveCfg = Debug|ARM
		{67DC96A1-85AF-4016-8115-149917FBD502}.Debug|ARM.Build.0 = Debug|ARM
		{67DC96A1-85AF-4016-8115-149917FBD502}.Debug|ARM.Deploy.0 = Debug|ARM
		{67DC96A1-85AF-4016-8115-149917FBD502}.Debug|x64.ActiveCfg = Debug|x64
		{67DC96A1-85AF-4016-8115-149917FBD502}.Debug|x64.Build.0 = Debug|x64
		{67DC96A1-85AF-4016-8115-149917FBD502}.Debug|x64.Deploy.0 = Debug|x64
		{67DC96A1-85AF-4016-8115-149917FBD502}.Debug|x86.ActiveCfg = Debug|x86
		{67DC96A1-85AF-4016-8115-149917FBD502}.Debug|x86.Build.0 = Debug|x86
		{67DC96A1-85AF-4016-8115-149917FBD502}.Debug|x86.Deploy.0 = Debug|x86
		{67DC96A1-85AF-4016-8115-149917FBD502}.Release|ARM.ActiveCfg = Release|ARM
		{67DC96A1-85AF-4016-8115-149917FBD502}.Release|ARM.Build.0 = Release|ARM
		{67DC96A1-85AF-4016-8115-149917FBD502}.Release|ARM.Deploy.0 = Release|ARM
		{67DC96A1-85AF-4016-8115-149917FBD502}.Release|x64.ActiveCfg = Release|x64
		{67DC96A1-85AF-4016-8115-149917FBD502}.Release|x64.Build.0 = Release|x64
		{67DC96A1-85AF-4016-8115-149917FBD502}.Release|x64.Deploy.0 = Release|x64
		{67DC96A1-85AF-4016-8115-149917FBD502}.Release|x86.ActiveCfg = Release|x86
		{67DC96A1-85AF-4016-8115-149917FBD502}.Release|x86.Build.0 = Release|x86
		{67DC96A1-85AF-4016-8115-149917FBD502}.Release|x86.Deploy.0 = Release|x86
		{3B7C3599-A336-4DB2-8678-710E3B36203B}.Debug|ARM.ActiveCfg = Debug|ARM
		{3B7C3599-A336-4DB2-8678-710E3B36203B}.Debug|ARM.Build.0 = Debug|ARM
		{3B7C3599-A336-4DB2-8678-710E3B36203B}.Debug|x64.ActiveCfg = Debug|x64
		{3B7C3599-A336-4DB2-8678-710E3B36203B}.Debug|x64.Build.0 = Debug|x64
		{3B7C3599-A336-4DB2-8678-710E3B36203B}.Debug|x86.ActiveCfg = Debug|x86
		{3B7C3599-A336-4DB2-8678-710E3B36203B}.Debug|x86.Build.0 = Debug|x86
		{3B7C3599-A336-4DB2-8678-710E3B36203B}.Release|ARM.ActiveCfg = Release|ARM
		{3B7C3599-A336-4DB2-8678-710E3B36203B}.Release|ARM.Build.0 = Release|ARM
		{3B7C3599-A336-4DB2-8678-710E3B36203B}.Release|x64.ActiveCfg = Release|x64
		{3B7C3599-A336-4DB2-8678-710E3B36203B}.Release|x64.Build.0 = Release|x64
		{3B7C3599-A336-4DB2-8678-710E3B36203B}.Release|x86.ActiveCfg = Release|x86
		{3B7C3599-A336-4DB2-8678-710E3B36203B}.Release|x86.Build.0 = Release|x86
	EndGlobalSection
	GlobalSection(SolutionProperties) = preSolution
		HideSolutionNode = FALSE
	EndGlobalSection
	GlobalSection(TeamFoundationVersionControl) = preSolution
		SccNumberOfProjects = 3
		SccEnterpriseProvider = {4CA58AB2-18FA-4F8D-95D4-32DDF27D184C}
		SccTeamFoundationServer = https://twocode.visualstudio.com/defaultcollection
		SccLocalPath0 = .
		SccProjectUniqueName1 = Budgeter5000\\Budgeter5000.csproj
		SccProjectName1 = Budgeter5000
		SccLocalPath1 = Budgeter5000
		SccProjectUniqueName2 = Prism.Windows\\Prism.Windows.csproj
		SccProjectName2 = Prism.Windows
		SccLocalPath2 = Prism.Windows
	EndGlobalSection
EndGlobal
