
Microsoft Visual Studio Solution File, Format Version 12.00
# Visual Studio 14
VisualStudioVersion = 14.0.23107.0
MinimumVisualStudioVersion = 10.0.40219.1
Project("{FAE04EC0-301F-11D3-BF4B-00C04F79EFBC}") = "Budget5000", "Budget5000\Budget5000.csproj", "{820C464B-38CD-43FB-B0B8-5D7366535316}"
EndProject
Project("{FAE04EC0-301F-11D3-BF4B-00C04F79EFBC}") = "Budget5000.Service", "Budget5000.Service\Budget5000.Service.csproj", "{B5931B88-139B-43C6-8AC6-1EDC1E9391D2}"
EndProject
Project("{FAE04EC0-301F-11D3-BF4B-00C04F79EFBC}") = "Budget5000.Infrastructure", "Budget5000.Infrastructure\Budget5000.Infrastructure.csproj", "{E1449FC4-382F-4D0B-BB62-8A07D56B2207}"
EndProject
Project("{FAE04EC0-301F-11D3-BF4B-00C04F79EFBC}") = "Budget5000.TransactionForm", "Budget5000.TransactionForm\Budget5000.TransactionForm.csproj", "{3D47742A-042F-4CF8-901C-9ED03BF9DB5D}"
EndProject
Project("{FAE04EC0-301F-11D3-BF4B-00C04F79EFBC}") = "Budget5000.Report", "Budget5000.Report\Budget5000.Report.csproj", "{4DD80F43-F651-4E10-8689-A183DFC46A86}"
EndProject
Project("{FAE04EC0-301F-11D3-BF4B-00C04F79EFBC}") = "Budget5000.Graph", "Budget5000.Graph\Budget5000.Graph.csproj", "{8543EB91-E8F9-414E-8EE4-7685DFB21859}"
EndProject
Global
	GlobalSection(SolutionConfigurationPlatforms) = preSolution
		Debug|Any CPU = Debug|Any CPU
		Debug|ARM = Debug|ARM
		Debug|x64 = Debug|x64
		Debug|x86 = Debug|x86
		Release|Any CPU = Release|Any CPU
		Release|ARM = Release|ARM
		Release|x64 = Release|x64
		Release|x86 = Release|x86
	EndGlobalSection
	GlobalSection(ProjectConfigurationPlatforms) = postSolution
		{820C464B-38CD-43FB-B0B8-5D7366535316}.Debug|Any CPU.ActiveCfg = Debug|Any CPU
		{820C464B-38CD-43FB-B0B8-5D7366535316}.Debug|Any CPU.Build.0 = Debug|Any CPU
		{820C464B-38CD-43FB-B0B8-5D7366535316}.Debug|ARM.ActiveCfg = Debug|Any CPU
		{820C464B-38CD-43FB-B0B8-5D7366535316}.Debug|ARM.Build.0 = Debug|Any CPU
		{820C464B-38CD-43FB-B0B8-5D7366535316}.Debug|x64.ActiveCfg = Debug|Any CPU
		{820C464B-38CD-43FB-B0B8-5D7366535316}.Debug|x64.Build.0 = Debug|Any CPU
		{820C464B-38CD-43FB-B0B8-5D7366535316}.Debug|x86.ActiveCfg = Debug|Any CPU
		{820C464B-38CD-43FB-B0B8-5D7366535316}.Debug|x86.Build.0 = Debug|Any CPU
		{820C464B-38CD-43FB-B0B8-5D7366535316}.Release|Any CPU.ActiveCfg = Release|Any CPU
		{820C464B-38CD-43FB-B0B8-5D7366535316}.Release|Any CPU.Build.0 = Release|Any CPU
		{820C464B-38CD-43FB-B0B8-5D7366535316}.Release|ARM.ActiveCfg = Release|Any CPU
		{820C464B-38CD-43FB-B0B8-5D7366535316}.Release|ARM.Build.0 = Release|Any CPU
		{820C464B-38CD-43FB-B0B8-5D7366535316}.Release|x64.ActiveCfg = Release|Any CPU
		{820C464B-38CD-43FB-B0B8-5D7366535316}.Release|x64.Build.0 = Release|Any CPU
		{820C464B-38CD-43FB-B0B8-5D7366535316}.Release|x86.ActiveCfg = Release|Any CPU
		{820C464B-38CD-43FB-B0B8-5D7366535316}.Release|x86.Build.0 = Release|Any CPU
		{B5931B88-139B-43C6-8AC6-1EDC1E9391D2}.Debug|Any CPU.ActiveCfg = Debug|Any CPU
		{B5931B88-139B-43C6-8AC6-1EDC1E9391D2}.Debug|Any CPU.Build.0 = Debug|Any CPU
		{B5931B88-139B-43C6-8AC6-1EDC1E9391D2}.Debug|ARM.ActiveCfg = Debug|Any CPU
		{B5931B88-139B-43C6-8AC6-1EDC1E9391D2}.Debug|ARM.Build.0 = Debug|Any CPU
		{B5931B88-139B-43C6-8AC6-1EDC1E9391D2}.Debug|x64.ActiveCfg = Debug|Any CPU
		{B5931B88-139B-43C6-8AC6-1EDC1E9391D2}.Debug|x64.Build.0 = Debug|Any CPU
		{B5931B88-139B-43C6-8AC6-1EDC1E9391D2}.Debug|x86.ActiveCfg = Debug|Any CPU
		{B5931B88-139B-43C6-8AC6-1EDC1E9391D2}.Debug|x86.Build.0 = Debug|Any CPU
		{B5931B88-139B-43C6-8AC6-1EDC1E9391D2}.Release|Any CPU.ActiveCfg = Release|Any CPU
		{B5931B88-139B-43C6-8AC6-1EDC1E9391D2}.Release|Any CPU.Build.0 = Release|Any CPU
		{B5931B88-139B-43C6-8AC6-1EDC1E9391D2}.Release|ARM.ActiveCfg = Release|Any CPU
		{B5931B88-139B-43C6-8AC6-1EDC1E9391D2}.Release|ARM.Build.0 = Release|Any CPU
		{B5931B88-139B-43C6-8AC6-1EDC1E9391D2}.Release|x64.ActiveCfg = Release|Any CPU
		{B5931B88-139B-43C6-8AC6-1EDC1E9391D2}.Release|x64.Build.0 = Release|Any CPU
		{B5931B88-139B-43C6-8AC6-1EDC1E9391D2}.Release|x86.ActiveCfg = Release|Any CPU
		{B5931B88-139B-43C6-8AC6-1EDC1E9391D2}.Release|x86.Build.0 = Release|Any CPU
		{E1449FC4-382F-4D0B-BB62-8A07D56B2207}.Debug|Any CPU.ActiveCfg = Debug|Any CPU
		{E1449FC4-382F-4D0B-BB62-8A07D56B2207}.Debug|Any CPU.Build.0 = Debug|Any CPU
		{E1449FC4-382F-4D0B-BB62-8A07D56B2207}.Debug|ARM.ActiveCfg = Debug|Any CPU
		{E1449FC4-382F-4D0B-BB62-8A07D56B2207}.Debug|ARM.Build.0 = Debug|Any CPU
		{E1449FC4-382F-4D0B-BB62-8A07D56B2207}.Debug|x64.ActiveCfg = Debug|Any CPU
		{E1449FC4-382F-4D0B-BB62-8A07D56B2207}.Debug|x64.Build.0 = Debug|Any CPU
		{E1449FC4-382F-4D0B-BB62-8A07D56B2207}.Debug|x86.ActiveCfg = Debug|Any CPU
		{E1449FC4-382F-4D0B-BB62-8A07D56B2207}.Debug|x86.Build.0 = Debug|Any CPU
		{E1449FC4-382F-4D0B-BB62-8A07D56B2207}.Release|Any CPU.ActiveCfg = Release|Any CPU
		{E1449FC4-382F-4D0B-BB62-8A07D56B2207}.Release|Any CPU.Build.0 = Release|Any CPU
		{E1449FC4-382F-4D0B-BB62-8A07D56B2207}.Release|ARM.ActiveCfg = Release|Any CPU
		{E1449FC4-382F-4D0B-BB62-8A07D56B2207}.Release|ARM.Build.0 = Release|Any CPU
		{E1449FC4-382F-4D0B-BB62-8A07D56B2207}.Release|x64.ActiveCfg = Release|Any CPU
		{E1449FC4-382F-4D0B-BB62-8A07D56B2207}.Release|x64.Build.0 = Release|Any CPU
		{E1449FC4-382F-4D0B-BB62-8A07D56B2207}.Release|x86.ActiveCfg = Release|Any CPU
		{E1449FC4-382F-4D0B-BB62-8A07D56B2207}.Release|x86.Build.0 = Release|Any CPU
		{3D47742A-042F-4CF8-901C-9ED03BF9DB5D}.Debug|Any CPU.ActiveCfg = Debug|Any CPU
		{3D47742A-042F-4CF8-901C-9ED03BF9DB5D}.Debug|Any CPU.Build.0 = Debug|Any CPU
		{3D47742A-042F-4CF8-901C-9ED03BF9DB5D}.Debug|ARM.ActiveCfg = Debug|Any CPU
		{3D47742A-042F-4CF8-901C-9ED03BF9DB5D}.Debug|ARM.Build.0 = Debug|Any CPU
		{3D47742A-042F-4CF8-901C-9ED03BF9DB5D}.Debug|x64.ActiveCfg = Debug|Any CPU
		{3D47742A-042F-4CF8-901C-9ED03BF9DB5D}.Debug|x64.Build.0 = Debug|Any CPU
		{3D47742A-042F-4CF8-901C-9ED03BF9DB5D}.Debug|x86.ActiveCfg = Debug|Any CPU
		{3D47742A-042F-4CF8-901C-9ED03BF9DB5D}.Debug|x86.Build.0 = Debug|Any CPU
		{3D47742A-042F-4CF8-901C-9ED03BF9DB5D}.Release|Any CPU.ActiveCfg = Release|Any CPU
		{3D47742A-042F-4CF8-901C-9ED03BF9DB5D}.Release|Any CPU.Build.0 = Release|Any CPU
		{3D47742A-042F-4CF8-901C-9ED03BF9DB5D}.Release|ARM.ActiveCfg = Release|Any CPU
		{3D47742A-042F-4CF8-901C-9ED03BF9DB5D}.Release|ARM.Build.0 = Release|Any CPU
		{3D47742A-042F-4CF8-901C-9ED03BF9DB5D}.Release|x64.ActiveCfg = Release|Any CPU
		{3D47742A-042F-4CF8-901C-9ED03BF9DB5D}.Release|x64.Build.0 = Release|Any CPU
		{3D47742A-042F-4CF8-901C-9ED03BF9DB5D}.Release|x86.ActiveCfg = Release|Any CPU
		{3D47742A-042F-4CF8-901C-9ED03BF9DB5D}.Release|x86.Build.0 = Release|Any CPU
		{4DD80F43-F651-4E10-8689-A183DFC46A86}.Debug|Any CPU.ActiveCfg = Debug|Any CPU
		{4DD80F43-F651-4E10-8689-A183DFC46A86}.Debug|Any CPU.Build.0 = Debug|Any CPU
		{4DD80F43-F651-4E10-8689-A183DFC46A86}.Debug|ARM.ActiveCfg = Debug|Any CPU
		{4DD80F43-F651-4E10-8689-A183DFC46A86}.Debug|ARM.Build.0 = Debug|Any CPU
		{4DD80F43-F651-4E10-8689-A183DFC46A86}.Debug|x64.ActiveCfg = Debug|Any CPU
		{4DD80F43-F651-4E10-8689-A183DFC46A86}.Debug|x64.Build.0 = Debug|Any CPU
		{4DD80F43-F651-4E10-8689-A183DFC46A86}.Debug|x86.ActiveCfg = Debug|Any CPU
		{4DD80F43-F651-4E10-8689-A183DFC46A86}.Debug|x86.Build.0 = Debug|Any CPU
		{4DD80F43-F651-4E10-8689-A183DFC46A86}.Release|Any CPU.ActiveCfg = Release|Any CPU
		{4DD80F43-F651-4E10-8689-A183DFC46A86}.Release|Any CPU.Build.0 = Release|Any CPU
		{4DD80F43-F651-4E10-8689-A183DFC46A86}.Release|ARM.ActiveCfg = Release|Any CPU
		{4DD80F43-F651-4E10-8689-A183DFC46A86}.Release|ARM.Build.0 = Release|Any CPU
		{4DD80F43-F651-4E10-8689-A183DFC46A86}.Release|x64.ActiveCfg = Release|Any CPU
		{4DD80F43-F651-4E10-8689-A183DFC46A86}.Release|x64.Build.0 = Release|Any CPU
		{4DD80F43-F651-4E10-8689-A183DFC46A86}.Release|x86.ActiveCfg = Release|Any CPU
		{4DD80F43-F651-4E10-8689-A183DFC46A86}.Release|x86.Build.0 = Release|Any CPU
		{8543EB91-E8F9-414E-8EE4-7685DFB21859}.Debug|Any CPU.ActiveCfg = Debug|Any CPU
		{8543EB91-E8F9-414E-8EE4-7685DFB21859}.Debug|Any CPU.Build.0 = Debug|Any CPU
		{8543EB91-E8F9-414E-8EE4-7685DFB21859}.Debug|ARM.ActiveCfg = Debug|Any CPU
		{8543EB91-E8F9-414E-8EE4-7685DFB21859}.Debug|ARM.Build.0 = Debug|Any CPU
		{8543EB91-E8F9-414E-8EE4-7685DFB21859}.Debug|x64.ActiveCfg = Debug|Any CPU
		{8543EB91-E8F9-414E-8EE4-7685DFB21859}.Debug|x64.Build.0 = Debug|Any CPU
		{8543EB91-E8F9-414E-8EE4-7685DFB21859}.Debug|x86.ActiveCfg = Debug|Any CPU
		{8543EB91-E8F9-414E-8EE4-7685DFB21859}.Debug|x86.Build.0 = Debug|Any CPU
		{8543EB91-E8F9-414E-8EE4-7685DFB21859}.Release|Any CPU.ActiveCfg = Release|Any CPU
		{8543EB91-E8F9-414E-8EE4-7685DFB21859}.Release|Any CPU.Build.0 = Release|Any CPU
		{8543EB91-E8F9-414E-8EE4-7685DFB21859}.Release|ARM.ActiveCfg = Release|Any CPU
		{8543EB91-E8F9-414E-8EE4-7685DFB21859}.Release|ARM.Build.0 = Release|Any CPU
		{8543EB91-E8F9-414E-8EE4-7685DFB21859}.Release|x64.ActiveCfg = Release|Any CPU
		{8543EB91-E8F9-414E-8EE4-7685DFB21859}.Release|x64.Build.0 = Release|Any CPU
		{8543EB91-E8F9-414E-8EE4-7685DFB21859}.Release|x86.ActiveCfg = Release|Any CPU
		{8543EB91-E8F9-414E-8EE4-7685DFB21859}.Release|x86.Build.0 = Release|Any CPU
	EndGlobalSection
	GlobalSection(SolutionProperties) = preSolution
		HideSolutionNode = FALSE
	EndGlobalSection
EndGlobal
